
Microsoft Visual Studio Solution File, Format Version 12.00
# Visual Studio Version 17
VisualStudioVersion = 17.2.32616.157
MinimumVisualStudioVersion = 10.0.40219.1
Project("{FAE04EC0-301F-11D3-BF4B-00C04F79EFBC}") = "N00199023.Web", "N00199023.Web\N00199023.Web.csproj", "{B3197EA3-BDE7-45D4-9588-BFDA14C48C2D}"
EndProject
Project("{FAE04EC0-301F-11D3-BF4B-00C04F79EFBC}") = "N00199023.Test", "N00199023.Test\N00199023.Test.csproj", "{02023D1B-C302-4637-A0F0-AE8DBB6E805F}"
EndProject
Global
	GlobalSection(SolutionConfigurationPlatforms) = preSolution
		Debug|Any CPU = Debug|Any CPU
		Release|Any CPU = Release|Any CPU
	EndGlobalSection
	GlobalSection(ProjectConfigurationPlatforms) = postSolution
		{B3197EA3-BDE7-45D4-9588-BFDA14C48C2D}.Debug|Any CPU.ActiveCfg = Debug|Any CPU
		{B3197EA3-BDE7-45D4-9588-BFDA14C48C2D}.Debug|Any CPU.Build.0 = Debug|Any CPU
		{B3197EA3-BDE7-45D4-9588-BFDA14C48C2D}.Release|Any CPU.ActiveCfg = Release|Any CPU
		{B3197EA3-BDE7-45D4-9588-BFDA14C48C2D}.Release|Any CPU.Build.0 = Release|Any CPU
		{02023D1B-C302-4637-A0F0-AE8DBB6E805F}.Debug|Any CPU.ActiveCfg = Debug|Any CPU
		{02023D1B-C302-4637-A0F0-AE8DBB6E805F}.Debug|Any CPU.Build.0 = Debug|Any CPU
		{02023D1B-C302-4637-A0F0-AE8DBB6E805F}.Release|Any CPU.ActiveCfg = Release|Any CPU
		{02023D1B-C302-4637-A0F0-AE8DBB6E805F}.Release|Any CPU.Build.0 = Release|Any CPU
	EndGlobalSection
	GlobalSection(SolutionProperties) = preSolution
		HideSolutionNode = FALSE
	EndGlobalSection
	GlobalSection(ExtensibilityGlobals) = postSolution
		SolutionGuid = {5CF7A85D-B2B6-42D0-9673-DA5F804A8E75}
	EndGlobalSection
EndGlobal
